<?xml version="1.0" encoding="utf-8"?>
<Project ToolsVersion="4.0" xmlns="http://schemas.microsoft.com/developer/msbuild/2003">
  <ItemGroup>
    <Filter Include="ソース ファイル">
      <UniqueIdentifier>{4FC737F1-C7A5-4376-A066-2A32D752A2FF}</UniqueIdentifier>
      <Extensions>cpp;c;cc;cxx;def;odl;idl;hpj;bat;asm;asmx</Extensions>
    </Filter>
    <Filter Include="ヘッダー ファイル">
      <UniqueIdentifier>{93995380-89BD-4b04-88EB-625FBE52EBFB}</UniqueIdentifier>
      <Extensions>h;hh;hpp;hxx;hm;inl;inc;ipp;xsd</Extensions>
    </Filter>
    <Filter Include="リソース ファイル">
      <UniqueIdentifier>{67DA6AB6-F800-4c08-8B7A-83BB121AAD01}</UniqueIdentifier>
      <Extensions>rc;ico;cur;bmp;dlg;rc2;rct;bin;rgs;gif;jpg;jpeg;jpe;resx;tiff;tif;png;wav;mfcribbon-ms</Extensions>
    </Filter>
    <Filter Include="ソース ファイル\skill">
      <UniqueIdentifier>{2937577e-ce43-4e28-9fd8-3566632ed8b2}</UniqueIdentifier>
    </Filter>
    <Filter Include="ヘッダー ファイル\skill">
      <UniqueIdentifier>{9e51cbee-bfce-4ae0-88ea-7bd9956883e5}</UniqueIdentifier>
    </Filter>
    <Filter Include="ソース ファイル\System">
      <UniqueIdentifier>{2d83a41e-f535-4e5d-a52a-b2dbe25dfc5c}</UniqueIdentifier>
    </Filter>
    <Filter Include="ヘッダー ファイル\System">
      <UniqueIdentifier>{ac9295b4-f777-4f7c-8d4c-c521b759e645}</UniqueIdentifier>
    </Filter>
    <Filter Include="ソース ファイル\map">
      <UniqueIdentifier>{27ade5c5-c59a-48aa-a4b1-bf92a5ef3418}</UniqueIdentifier>
    </Filter>
    <Filter Include="ヘッダー ファイル\map">
      <UniqueIdentifier>{c36e0200-d8fe-4c20-bebe-206cb2d1f917}</UniqueIdentifier>
    </Filter>
    <Filter Include="ヘッダー ファイル\bug">
      <UniqueIdentifier>{6bcfc3f8-8c08-453e-8644-28454707e04c}</UniqueIdentifier>
    </Filter>
    <Filter Include="ソース ファイル\bug">
      <UniqueIdentifier>{9595e978-01ca-492d-9c87-f4c57d8b0990}</UniqueIdentifier>
    </Filter>
    <Filter Include="ソース ファイル\map\rest">
      <UniqueIdentifier>{0a0c6e4e-d1b5-4a65-be2a-10e349d3b471}</UniqueIdentifier>
    </Filter>
    <Filter Include="ヘッダー ファイル\map\rest">
      <UniqueIdentifier>{1bed6fc3-6a7b-4855-8059-b7c1b3570c54}</UniqueIdentifier>
    </Filter>
    <Filter Include="ソース ファイル\enemy">
      <UniqueIdentifier>{826c0d9e-5555-4203-80b0-8f44481ac5b1}</UniqueIdentifier>
    </Filter>
    <Filter Include="ヘッダー ファイル\enemy">
      <UniqueIdentifier>{ca44611e-63bc-4827-bbd5-161df03fdd8a}</UniqueIdentifier>
    </Filter>
    <Filter Include="ソース ファイル\enemy\slime">
      <UniqueIdentifier>{e5ba0d12-df97-41ef-889d-e5f536a70fc7}</UniqueIdentifier>
    </Filter>
    <Filter Include="ヘッダー ファイル\enemy\slime">
      <UniqueIdentifier>{5f430b7e-058f-43de-af62-05fc57af43fe}</UniqueIdentifier>
    </Filter>
    <Filter Include="ソース ファイル\player">
      <UniqueIdentifier>{75956a8b-83be-41a7-96bd-aa91a7c95223}</UniqueIdentifier>
    </Filter>
    <Filter Include="ヘッダー ファイル\player">
      <UniqueIdentifier>{b1c4fad0-70f4-49cd-a328-64ba2d65f263}</UniqueIdentifier>
    </Filter>
    <Filter Include="ヘッダー ファイル\enemy\firewall">
      <UniqueIdentifier>{9382b22f-c9be-44a5-8ed7-caaaf4b11d5b}</UniqueIdentifier>
    </Filter>
    <Filter Include="ソース ファイル\enemy\firewall">
      <UniqueIdentifier>{f01e17e5-8886-4e47-9b9a-4587e0e309a1}</UniqueIdentifier>
    </Filter>
    <Filter Include="ソース ファイル\bug\system">
      <UniqueIdentifier>{e01e908a-1b08-4bcb-8242-b43ab5cbf998}</UniqueIdentifier>
    </Filter>
    <Filter Include="ヘッダー ファイル\bug\system">
      <UniqueIdentifier>{03f3cf86-74b9-425d-83ed-275ba4f7d858}</UniqueIdentifier>
    </Filter>
    <Filter Include="ソース ファイル\skill\system">
      <UniqueIdentifier>{b98dfd28-0120-49e9-964d-33a804713d26}</UniqueIdentifier>
    </Filter>
    <Filter Include="ソース ファイル\map\shop">
      <UniqueIdentifier>{40b51418-aec3-429c-825f-7964ca823e26}</UniqueIdentifier>
    </Filter>
    <Filter Include="ヘッダー ファイル\map\shop">
      <UniqueIdentifier>{424c18c4-b5a0-42d2-a513-fcde0383be88}</UniqueIdentifier>
    </Filter>
    <Filter Include="ヘッダー ファイル\skill\system">
      <UniqueIdentifier>{07550639-b5d6-41a2-a984-146d2a862922}</UniqueIdentifier>
    </Filter>
    <Filter Include="ソース ファイル\map\banner">
      <UniqueIdentifier>{b0703d40-e9a7-4914-879f-281356a1e4e0}</UniqueIdentifier>
    </Filter>
    <Filter Include="ヘッダー ファイル\map\banner">
      <UniqueIdentifier>{7e949712-4443-4a67-9a9b-397b2dbec23b}</UniqueIdentifier>
    </Filter>
    <Filter Include="ソース ファイル\title">
      <UniqueIdentifier>{157ff4df-ba11-455c-ba53-d1ecc3857058}</UniqueIdentifier>
    </Filter>
    <Filter Include="ヘッダー ファイル\title">
      <UniqueIdentifier>{4bfe66d6-aa7d-46cc-a07e-5e8e36c21fa4}</UniqueIdentifier>
    </Filter>
    <Filter Include="ソース ファイル\map\event">
      <UniqueIdentifier>{30591c51-8579-4ee2-b478-e97e99f2aefa}</UniqueIdentifier>
    </Filter>
    <Filter Include="ヘッダー ファイル\map\event">
      <UniqueIdentifier>{acbee279-bf21-4ea2-b339-e44d953c34c1}</UniqueIdentifier>
    </Filter>
    <Filter Include="ソース ファイル\name">
      <UniqueIdentifier>{fe79cf71-ebb9-4b73-8650-128267230f43}</UniqueIdentifier>
    </Filter>
    <Filter Include="ヘッダー ファイル\name">
      <UniqueIdentifier>{1e20ed29-3013-456a-9d93-35ee2d0ecd2f}</UniqueIdentifier>
    </Filter>
    <Filter Include="ソース ファイル\option">
      <UniqueIdentifier>{c52b8ac7-2bab-4468-a8a4-5089b85fdbcc}</UniqueIdentifier>
    </Filter>
    <Filter Include="ヘッダー ファイル\option">
      <UniqueIdentifier>{ea2faf10-3855-4f35-86cb-20daaa950ac0}</UniqueIdentifier>
    </Filter>
    <Filter Include="ソース ファイル\map\event\system">
      <UniqueIdentifier>{ff80695c-731d-492a-96c3-8b6da10d1978}</UniqueIdentifier>
    </Filter>
    <Filter Include="ヘッダー ファイル\map\event\system">
      <UniqueIdentifier>{2cde58e5-016d-45dd-8bb6-7ebeece25881}</UniqueIdentifier>
    </Filter>
    <Filter Include="ソース ファイル\enemy\deleter">
      <UniqueIdentifier>{7e30f3a7-2f17-4b26-9886-583d0c86490d}</UniqueIdentifier>
    </Filter>
    <Filter Include="ヘッダー ファイル\enemy\deleter">
      <UniqueIdentifier>{b03c73c8-fa6e-434d-9cd4-0f42e09a2195}</UniqueIdentifier>
    </Filter>
    <Filter Include="ソース ファイル\option\windowsize">
      <UniqueIdentifier>{89d0722f-e189-420b-9c6f-0be4f30babf2}</UniqueIdentifier>
    </Filter>
    <Filter Include="ヘッダー ファイル\option\windowsize">
      <UniqueIdentifier>{d1d16142-8bd6-4731-ac53-b50b9d783458}</UniqueIdentifier>
    </Filter>
    <Filter Include="ヘッダー ファイル\option\sound">
      <UniqueIdentifier>{ee2d5a19-d773-4b45-b553-d0270af4c940}</UniqueIdentifier>
    </Filter>
    <Filter Include="ソース ファイル\option\sound">
      <UniqueIdentifier>{546a10fd-c0da-4136-a0de-c72bd3246f5e}</UniqueIdentifier>
    </Filter>
    <Filter Include="ソース ファイル\deckmenu">
      <UniqueIdentifier>{b5e3e2ef-b4f5-42e9-9f17-ac1a277eae8d}</UniqueIdentifier>
    </Filter>
    <Filter Include="ヘッダー ファイル\deckmenu">
      <UniqueIdentifier>{3a1fa3bb-96c6-4405-9bdd-11d3cdf550cf}</UniqueIdentifier>
    </Filter>
    <Filter Include="ソース ファイル\map\map_save">
      <UniqueIdentifier>{200326c1-c005-4821-b58d-3bad030a8aaa}</UniqueIdentifier>
    </Filter>
    <Filter Include="ヘッダー ファイル\map\map_save">
      <UniqueIdentifier>{3285fe4c-3a1c-44c5-8d88-aec38d7d28ae}</UniqueIdentifier>
    </Filter>
    <Filter Include="ソース ファイル\gameover">
      <UniqueIdentifier>{cb6c45bb-61f5-481e-bc39-95293ea61ff9}</UniqueIdentifier>
    </Filter>
    <Filter Include="ヘッダー ファイル\gameover">
      <UniqueIdentifier>{badb70e1-2acc-4113-adf4-cd7b88998b27}</UniqueIdentifier>
    </Filter>
    <Filter Include="ソース ファイル\tutorial">
      <UniqueIdentifier>{f0f3e9c5-dd18-406d-a8d2-c10bdf1f36df}</UniqueIdentifier>
    </Filter>
    <Filter Include="ヘッダー ファイル\tutorial">
      <UniqueIdentifier>{9db888e0-5b43-46f5-a8c5-5f8ad09c7d4f}</UniqueIdentifier>
    </Filter>
  </ItemGroup>
  <ItemGroup>
    <ClCompile Include="scene.cpp">
      <Filter>ソース ファイル</Filter>
    </ClCompile>
    <ClCompile Include="game.cpp">
      <Filter>ソース ファイル</Filter>
    </ClCompile>
    <ClCompile Include="fade.cpp">
      <Filter>ソース ファイル\System</Filter>
    </ClCompile>
    <ClCompile Include="input.cpp">
      <Filter>ソース ファイル\System</Filter>
    </ClCompile>
    <ClCompile Include="main.cpp">
      <Filter>ソース ファイル\System</Filter>
    </ClCompile>
    <ClCompile Include="renderer.cpp">
      <Filter>ソース ファイル\System</Filter>
    </ClCompile>
    <ClCompile Include="sound.cpp">
      <Filter>ソース ファイル\System</Filter>
    </ClCompile>
    <ClCompile Include="sprite.cpp">
      <Filter>ソース ファイル\System</Filter>
    </ClCompile>
    <ClCompile Include="Texture.cpp">
      <Filter>ソース ファイル\System</Filter>
    </ClCompile>
    <ClCompile Include="bg.cpp">
      <Filter>ソース ファイル</Filter>
    </ClCompile>
    <ClCompile Include="ball.cpp">
      <Filter>ソース ファイル</Filter>
    </ClCompile>
    <ClCompile Include="catch.cpp">
      <Filter>ソース ファイル</Filter>
    </ClCompile>
    <ClCompile Include="buildup.cpp">
      <Filter>ソース ファイル\skill</Filter>
    </ClCompile>
    <ClCompile Include="map_point.cpp">
      <Filter>ソース ファイル\map</Filter>
    </ClCompile>
    <ClCompile Include="ballspeedup.cpp">
      <Filter>ソース ファイル\skill</Filter>
    </ClCompile>
    <ClCompile Include="barrier.cpp">
      <Filter>ソース ファイル\skill</Filter>
    </ClCompile>
    <ClCompile Include="smallplayer.cpp">
      <Filter>ソース ファイル\skill</Filter>
    </ClCompile>
    <ClCompile Include="bigball.cpp">
      <Filter>ソース ファイル\skill</Filter>
    </ClCompile>
    <ClCompile Include="slowarea.cpp">
      <Filter>ソース ファイル\skill</Filter>
    </ClCompile>
    <ClCompile Include="invade.cpp">
      <Filter>ソース ファイル\skill</Filter>
    </ClCompile>
    <ClCompile Include="billiards.cpp">
      <Filter>ソース ファイル\skill</Filter>
    </ClCompile>
    <ClCompile Include="baseball.cpp">
      <Filter>ソース ファイル\skill</Filter>
    </ClCompile>
    <ClCompile Include="invincible.cpp">
      <Filter>ソース ファイル\skill</Filter>
    </ClCompile>
    <ClCompile Include="ballturnaround.cpp">
      <Filter>ソース ファイル\skill</Filter>
    </ClCompile>
    <ClCompile Include="bunshin.cpp">
      <Filter>ソース ファイル\bug</Filter>
    </ClCompile>
    <ClCompile Include="reverse.cpp">
      <Filter>ソース ファイル\bug</Filter>
    </ClCompile>
    <ClCompile Include="anten.cpp">
      <Filter>ソース ファイル\bug</Filter>
    </ClCompile>
    <ClCompile Include="clear.cpp">
      <Filter>ソース ファイル</Filter>
    </ClCompile>
    <ClCompile Include="map_hack.cpp">
      <Filter>ソース ファイル\map</Filter>
    </ClCompile>
    <ClCompile Include="map.cpp">
      <Filter>ソース ファイル\map</Filter>
    </ClCompile>
    <ClCompile Include="catchjamming.cpp">
      <Filter>ソース ファイル\skill</Filter>
    </ClCompile>
    <ClCompile Include="rest.cpp">
      <Filter>ソース ファイル\map\rest</Filter>
    </ClCompile>
    <ClCompile Include="save.cpp">
      <Filter>ソース ファイル</Filter>
    </ClCompile>
    <ClCompile Include="rockcreate.cpp">
      <Filter>ソース ファイル\skill</Filter>
    </ClCompile>
    <ClCompile Include="penetration.cpp">
      <Filter>ソース ファイル\skill</Filter>
    </ClCompile>
    <ClCompile Include="regen.cpp">
      <Filter>ソース ファイル\bug</Filter>
    </ClCompile>
    <ClCompile Include="enemy_powerdown.cpp">
      <Filter>ソース ファイル\skill</Filter>
    </ClCompile>
    <ClCompile Include="player_powerup.cpp">
      <Filter>ソース ファイル\skill</Filter>
    </ClCompile>
    <ClCompile Include="player_speedup.cpp">
      <Filter>ソース ファイル\skill</Filter>
    </ClCompile>
    <ClCompile Include="player_regen.cpp">
      <Filter>ソース ファイル\skill</Filter>
    </ClCompile>
    <ClCompile Include="timestop.cpp">
      <Filter>ソース ファイル\skill</Filter>
    </ClCompile>
    <ClCompile Include="mindhack.cpp">
      <Filter>ソース ファイル\skill</Filter>
    </ClCompile>
    <ClCompile Include="slime.cpp">
      <Filter>ソース ファイル\enemy\slime</Filter>
    </ClCompile>
    <ClCompile Include="slimeAI.cpp">
      <Filter>ソース ファイル\enemy\slime</Filter>
    </ClCompile>
    <ClCompile Include="player.cpp">
      <Filter>ソース ファイル\player</Filter>
    </ClCompile>
    <ClCompile Include="player_hp.cpp">
      <Filter>ソース ファイル\player</Filter>
    </ClCompile>
    <ClCompile Include="player_damage.cpp">
      <Filter>ソース ファイル\player</Filter>
    </ClCompile>
    <ClCompile Include="firewall.cpp">
      <Filter>ソース ファイル\enemy\firewall</Filter>
    </ClCompile>
    <ClCompile Include="firewallAI.cpp">
      <Filter>ソース ファイル\enemy\firewall</Filter>
    </ClCompile>
    <ClCompile Include="enemy.cpp">
      <Filter>ソース ファイル\enemy</Filter>
    </ClCompile>
    <ClCompile Include="firewall_hp.cpp">
      <Filter>ソース ファイル\enemy\firewall</Filter>
    </ClCompile>
    <ClCompile Include="slime_hp.cpp">
      <Filter>ソース ファイル\enemy\slime</Filter>
    </ClCompile>
    <ClCompile Include="bugincrease.cpp">
      <Filter>ソース ファイル\bug\system</Filter>
    </ClCompile>
    <ClCompile Include="bugrandom.cpp">
      <Filter>ソース ファイル\bug\system</Filter>
    </ClCompile>
    <ClCompile Include="bug.cpp">
      <Filter>ソース ファイル\bug\system</Filter>
    </ClCompile>
    <ClCompile Include="player_operate.cpp">
      <Filter>ソース ファイル\player</Filter>
    </ClCompile>
    <ClCompile Include="player_animation.cpp">
      <Filter>ソース ファイル\player</Filter>
    </ClCompile>
    <ClCompile Include="firewall_animation.cpp">
      <Filter>ソース ファイル\enemy\firewall</Filter>
    </ClCompile>
    <ClCompile Include="skill.cpp">
      <Filter>ソース ファイル\skill\system</Filter>
    </ClCompile>
    <ClCompile Include="skillrandom.cpp">
      <Filter>ソース ファイル\skill\system</Filter>
    </ClCompile>
    <ClCompile Include="shop.cpp">
      <Filter>ソース ファイル\map\shop</Filter>
    </ClCompile>
    <ClCompile Include="shop_bg.cpp">
      <Filter>ソース ファイル\map\shop</Filter>
    </ClCompile>
    <ClCompile Include="shop_card.cpp">
      <Filter>ソース ファイル\map\shop</Filter>
    </ClCompile>
    <ClCompile Include="shop_gold.cpp">
      <Filter>ソース ファイル\map\shop</Filter>
    </ClCompile>
    <ClCompile Include="shop_reload.cpp">
      <Filter>ソース ファイル\map\shop</Filter>
    </ClCompile>
    <ClCompile Include="shop_exit.cpp">
      <Filter>ソース ファイル\map\shop</Filter>
    </ClCompile>
    <ClCompile Include="shop_select.cpp">
      <Filter>ソース ファイル\map\shop</Filter>
    </ClCompile>
    <ClCompile Include="banner .cpp">
      <Filter>ソース ファイル\map\banner</Filter>
    </ClCompile>
    <ClCompile Include="banner_hp.cpp">
      <Filter>ソース ファイル\map\banner</Filter>
    </ClCompile>
    <ClCompile Include="banner_bg.cpp">
      <Filter>ソース ファイル\map\banner</Filter>
    </ClCompile>
    <ClCompile Include="banner_name.cpp">
      <Filter>ソース ファイル\map\banner</Filter>
    </ClCompile>
    <ClCompile Include="banner_gold.cpp">
      <Filter>ソース ファイル\map\banner</Filter>
    </ClCompile>
    <ClCompile Include="banner_bug.cpp">
      <Filter>ソース ファイル\map\banner</Filter>
    </ClCompile>
    <ClCompile Include="rest_bg.cpp">
      <Filter>ソース ファイル\map\rest</Filter>
    </ClCompile>
    <ClCompile Include="rest_command.cpp">
      <Filter>ソース ファイル\map\rest</Filter>
    </ClCompile>
    <ClCompile Include="rest_exit.cpp">
      <Filter>ソース ファイル\map\rest</Filter>
    </ClCompile>
    <ClCompile Include="rest_select.cpp">
      <Filter>ソース ファイル\map\rest</Filter>
    </ClCompile>
    <ClCompile Include="autocatch.cpp">
      <Filter>ソース ファイル\skill</Filter>
    </ClCompile>
    <ClCompile Include="doubleattack.cpp">
      <Filter>ソース ファイル\skill</Filter>
    </ClCompile>
    <ClCompile Include="warp.cpp">
      <Filter>ソース ファイル\skill</Filter>
    </ClCompile>
    <ClCompile Include="disappear.cpp">
      <Filter>ソース ファイル\skill</Filter>
    </ClCompile>
    <ClCompile Include="otoshiana.cpp">
      <Filter>ソース ファイル\skill</Filter>
    </ClCompile>
    <ClCompile Include="landmines.cpp">
      <Filter>ソース ファイル\skill</Filter>
    </ClCompile>
    <ClCompile Include="title.cpp">
      <Filter>ソース ファイル\title</Filter>
    </ClCompile>
    <ClCompile Include="title_teamname.cpp">
      <Filter>ソース ファイル\title</Filter>
    </ClCompile>
    <ClCompile Include="title_bg.cpp">
      <Filter>ソース ファイル\title</Filter>
    </ClCompile>
    <ClCompile Include="title_gamestart.cpp">
      <Filter>ソース ファイル\title</Filter>
    </ClCompile>
    <ClCompile Include="title_exit.cpp">
      <Filter>ソース ファイル\title</Filter>
    </ClCompile>
    <ClCompile Include="title_select.cpp">
      <Filter>ソース ファイル\title</Filter>
    </ClCompile>
    <ClCompile Include="map_bg.cpp">
      <Filter>ソース ファイル\map</Filter>
    </ClCompile>
    <ClCompile Include="notCatch.cpp">
      <Filter>ソース ファイル\bug</Filter>
    </ClCompile>
    <ClCompile Include="areaChange.cpp">
      <Filter>ソース ファイル\bug</Filter>
    </ClCompile>
    <ClCompile Include="name.cpp">
      <Filter>ソース ファイル\name</Filter>
    </ClCompile>
    <ClCompile Include="title_option.cpp">
      <Filter>ソース ファイル\title</Filter>
    </ClCompile>
    <ClCompile Include="title_continue.cpp">
      <Filter>ソース ファイル\title</Filter>
    </ClCompile>
    <ClCompile Include="name_keyboard.cpp">
      <Filter>ソース ファイル\name</Filter>
    </ClCompile>
    <ClCompile Include="name_bg.cpp">
      <Filter>ソース ファイル\name</Filter>
    </ClCompile>
    <ClCompile Include="name_select.cpp">
      <Filter>ソース ファイル\name</Filter>
    </ClCompile>
    <ClCompile Include="name_input.cpp">
      <Filter>ソース ファイル\name</Filter>
    </ClCompile>
    <ClCompile Include="option.cpp">
      <Filter>ソース ファイル\option</Filter>
    </ClCompile>
    <ClCompile Include="option_bg.cpp">
      <Filter>ソース ファイル\option</Filter>
    </ClCompile>
    <ClCompile Include="option_select.cpp">
      <Filter>ソース ファイル\option</Filter>
    </ClCompile>
    <ClCompile Include="create.cpp">
      <Filter>ソース ファイル\bug</Filter>
    </ClCompile>
    <ClCompile Include="map_line.cpp">
      <Filter>ソース ファイル\map</Filter>
    </ClCompile>
    <ClCompile Include="map_player.cpp">
      <Filter>ソース ファイル\map</Filter>
    </ClCompile>
    <ClCompile Include="event.cpp">
      <Filter>ソース ファイル\map\event\system</Filter>
    </ClCompile>
    <ClCompile Include="kasoukenkyuukuukan.cpp">
      <Filter>ソース ファイル\map\event</Filter>
    </ClCompile>
    <ClCompile Include="deleter.cpp">
      <Filter>ソース ファイル\enemy\deleter</Filter>
    </ClCompile>
    <ClCompile Include="deleter_animation.cpp">
      <Filter>ソース ファイル\enemy\deleter</Filter>
    </ClCompile>
    <ClCompile Include="deleter_hp.cpp">
      <Filter>ソース ファイル\enemy\deleter</Filter>
    </ClCompile>
    <ClCompile Include="deleterAI.cpp">
      <Filter>ソース ファイル\enemy\deleter</Filter>
    </ClCompile>
    <ClCompile Include="windowsize_select.cpp">
      <Filter>ソース ファイル\option\windowsize</Filter>
    </ClCompile>
    <ClCompile Include="windowsize.cpp">
      <Filter>ソース ファイル\option\windowsize</Filter>
    </ClCompile>
    <ClCompile Include="windowsize_bg.cpp">
      <Filter>ソース ファイル\option\windowsize</Filter>
    </ClCompile>
    <ClCompile Include="server_recovery.cpp">
      <Filter>ソース ファイル\map\event</Filter>
    </ClCompile>
    <ClCompile Include="avatar.cpp">
      <Filter>ソース ファイル\map\event</Filter>
    </ClCompile>
    <ClCompile Include="dougyousyacpp.cpp">
      <Filter>ソース ファイル\map\event</Filter>
    </ClCompile>
    <ClCompile Include="hujyou.cpp">
      <Filter>ソース ファイル\map\event</Filter>
    </ClCompile>
    <ClCompile Include="mined.cpp">
      <Filter>ソース ファイル\map\event</Filter>
    </ClCompile>
    <ClCompile Include="tosyokann.cpp">
      <Filter>ソース ファイル\map\event</Filter>
    </ClCompile>
    <ClCompile Include="yomigaeru.cpp">
      <Filter>ソース ファイル\map\event</Filter>
    </ClCompile>
    <ClCompile Include="enemybreak.cpp">
      <Filter>ソース ファイル\enemy</Filter>
    </ClCompile>
    <ClCompile Include="floatingfeeling.cpp">
      <Filter>ソース ファイル\map\event</Filter>
    </ClCompile>
    <ClCompile Include="hackeffect.cpp">
      <Filter>ソース ファイル\map</Filter>
    </ClCompile>
    <ClCompile Include="soundvolume_bg.cpp">
      <Filter>ソース ファイル\option\sound</Filter>
    </ClCompile>
    <ClCompile Include="soundvolume_select.cpp">
      <Filter>ソース ファイル\option\sound</Filter>
    </ClCompile>
    <ClCompile Include="soundvolume.cpp">
      <Filter>ソース ファイル\option\sound</Filter>
    </ClCompile>
    <ClCompile Include="deckmenu.cpp">
      <Filter>ソース ファイル\deckmenu</Filter>
    </ClCompile>
    <ClCompile Include="map_floor.cpp">
      <Filter>ソース ファイル\map</Filter>
    </ClCompile>
    <ClCompile Include="map_save.cpp">
      <Filter>ソース ファイル\map\map_save</Filter>
    </ClCompile>
    <ClCompile Include="map_save_bg.cpp">
      <Filter>ソース ファイル\map\map_save</Filter>
    </ClCompile>
    <ClCompile Include="map_save_select.cpp">
      <Filter>ソース ファイル\map\map_save</Filter>
    </ClCompile>
    <ClCompile Include="enemy_aura.cpp">
      <Filter>ソース ファイル\enemy</Filter>
    </ClCompile>
    <ClCompile Include="gameover.cpp">
      <Filter>ソース ファイル\gameover</Filter>
    </ClCompile>
    <ClCompile Include="gameover_F.cpp">
      <Filter>ソース ファイル\gameover</Filter>
    </ClCompile>
    <ClCompile Include="tutorial.cpp">
      <Filter>ソース ファイル\tutorial</Filter>
    </ClCompile>
    <ClCompile Include="tutorial_map.cpp">
      <Filter>ソース ファイル\tutorial</Filter>
    </ClCompile>
    <ClCompile Include="screencrack.cpp">
      <Filter>ソース ファイル\bug\system</Filter>
    </ClCompile>
  </ItemGroup>
  <ItemGroup>
    <ClInclude Include="scene.h">
      <Filter>ヘッダー ファイル</Filter>
    </ClInclude>
    <ClInclude Include="game.h">
      <Filter>ヘッダー ファイル</Filter>
    </ClInclude>
    <ClInclude Include="fade.h">
      <Filter>ヘッダー ファイル\System</Filter>
    </ClInclude>
    <ClInclude Include="input.h">
      <Filter>ヘッダー ファイル\System</Filter>
    </ClInclude>
    <ClInclude Include="main.h">
      <Filter>ヘッダー ファイル\System</Filter>
    </ClInclude>
    <ClInclude Include="renderer.h">
      <Filter>ヘッダー ファイル\System</Filter>
    </ClInclude>
    <ClInclude Include="sound.h">
      <Filter>ヘッダー ファイル\System</Filter>
    </ClInclude>
    <ClInclude Include="Texture.h">
      <Filter>ヘッダー ファイル\System</Filter>
    </ClInclude>
    <ClInclude Include="sprite.h">
      <Filter>ヘッダー ファイル\System</Filter>
    </ClInclude>
    <ClInclude Include="bg.h">
      <Filter>ヘッダー ファイル</Filter>
    </ClInclude>
    <ClInclude Include="ball.h">
      <Filter>ヘッダー ファイル</Filter>
    </ClInclude>
    <ClInclude Include="catch.h">
      <Filter>ヘッダー ファイル</Filter>
    </ClInclude>
    <ClInclude Include="buildup.h">
      <Filter>ヘッダー ファイル\skill</Filter>
    </ClInclude>
    <ClInclude Include="map_point.h">
      <Filter>ヘッダー ファイル\map</Filter>
    </ClInclude>
    <ClInclude Include="ballspeedup.h">
      <Filter>ヘッダー ファイル\skill</Filter>
    </ClInclude>
    <ClInclude Include="barrier.h">
      <Filter>ヘッダー ファイル\skill</Filter>
    </ClInclude>
    <ClInclude Include="smallplayer.h">
      <Filter>ヘッダー ファイル\skill</Filter>
    </ClInclude>
    <ClInclude Include="bigball.h">
      <Filter>ヘッダー ファイル\skill</Filter>
    </ClInclude>
    <ClInclude Include="slowarea.h">
      <Filter>ヘッダー ファイル\skill</Filter>
    </ClInclude>
    <ClInclude Include="invade.h">
      <Filter>ヘッダー ファイル\skill</Filter>
    </ClInclude>
    <ClInclude Include="Billiards.h">
      <Filter>ヘッダー ファイル\skill</Filter>
    </ClInclude>
    <ClInclude Include="baseball.h">
      <Filter>ヘッダー ファイル\skill</Filter>
    </ClInclude>
    <ClInclude Include="invincible.h">
      <Filter>ヘッダー ファイル\skill</Filter>
    </ClInclude>
    <ClInclude Include="ballturnaround.h">
      <Filter>ヘッダー ファイル\skill</Filter>
    </ClInclude>
    <ClInclude Include="bunshin.h">
      <Filter>ヘッダー ファイル\bug</Filter>
    </ClInclude>
    <ClInclude Include="reverse.h">
      <Filter>ヘッダー ファイル\bug</Filter>
    </ClInclude>
    <ClInclude Include="anten.h">
      <Filter>ヘッダー ファイル\bug</Filter>
    </ClInclude>
    <ClInclude Include="clear.h">
      <Filter>ヘッダー ファイル</Filter>
    </ClInclude>
    <ClInclude Include="map_hack.h">
      <Filter>ヘッダー ファイル\map</Filter>
    </ClInclude>
    <ClInclude Include="map.h">
      <Filter>ヘッダー ファイル\map</Filter>
    </ClInclude>
    <ClInclude Include="catchjamming.h">
      <Filter>ヘッダー ファイル\skill</Filter>
    </ClInclude>
    <ClInclude Include="rest.h">
      <Filter>ヘッダー ファイル\map\rest</Filter>
    </ClInclude>
    <ClInclude Include="save.h">
      <Filter>ヘッダー ファイル</Filter>
    </ClInclude>
    <ClInclude Include="rockcreate.h">
      <Filter>ヘッダー ファイル\skill</Filter>
    </ClInclude>
    <ClInclude Include="penetration.h">
      <Filter>ヘッダー ファイル\skill</Filter>
    </ClInclude>
    <ClInclude Include="regen.h">
      <Filter>ヘッダー ファイル\bug</Filter>
    </ClInclude>
    <ClInclude Include="enemy_powerdown.h">
      <Filter>ヘッダー ファイル\skill</Filter>
    </ClInclude>
    <ClInclude Include="player_powerup.h">
      <Filter>ヘッダー ファイル\skill</Filter>
    </ClInclude>
    <ClInclude Include="player_speedup.h">
      <Filter>ヘッダー ファイル\skill</Filter>
    </ClInclude>
    <ClInclude Include="player_regen.h">
      <Filter>ヘッダー ファイル\skill</Filter>
    </ClInclude>
    <ClInclude Include="timestop.h">
      <Filter>ヘッダー ファイル\skill</Filter>
    </ClInclude>
    <ClInclude Include="mindhack.h">
      <Filter>ヘッダー ファイル\skill</Filter>
    </ClInclude>
    <ClInclude Include="slime.h">
      <Filter>ヘッダー ファイル\enemy\slime</Filter>
    </ClInclude>
    <ClInclude Include="slimeAI.h">
      <Filter>ヘッダー ファイル\enemy\slime</Filter>
    </ClInclude>
    <ClInclude Include="player_damage.h">
      <Filter>ヘッダー ファイル\player</Filter>
    </ClInclude>
    <ClInclude Include="player_hp.h">
      <Filter>ヘッダー ファイル\player</Filter>
    </ClInclude>
    <ClInclude Include="player.h">
      <Filter>ヘッダー ファイル\player</Filter>
    </ClInclude>
    <ClInclude Include="firewall.h">
      <Filter>ヘッダー ファイル\enemy\firewall</Filter>
    </ClInclude>
    <ClInclude Include="firewallAI.h">
      <Filter>ヘッダー ファイル\enemy\firewall</Filter>
    </ClInclude>
    <ClInclude Include="enemy.h">
      <Filter>ヘッダー ファイル\enemy</Filter>
    </ClInclude>
    <ClInclude Include="firewall_hp.h">
      <Filter>ヘッダー ファイル\enemy\firewall</Filter>
    </ClInclude>
    <ClInclude Include="slime_hp.h">
      <Filter>ヘッダー ファイル\enemy\slime</Filter>
    </ClInclude>
    <ClInclude Include="bug.h">
      <Filter>ヘッダー ファイル\bug\system</Filter>
    </ClInclude>
    <ClInclude Include="bugincrease.h">
      <Filter>ヘッダー ファイル\bug\system</Filter>
    </ClInclude>
    <ClInclude Include="bugrandom.h">
      <Filter>ヘッダー ファイル\bug\system</Filter>
    </ClInclude>
    <ClInclude Include="player_operate.h">
      <Filter>ヘッダー ファイル\player</Filter>
    </ClInclude>
    <ClInclude Include="player_animation.h">
      <Filter>ヘッダー ファイル\player</Filter>
    </ClInclude>
    <ClInclude Include="firewall_animation.h">
      <Filter>ヘッダー ファイル\enemy\firewall</Filter>
    </ClInclude>
    <ClInclude Include="shop.h">
      <Filter>ヘッダー ファイル\map\shop</Filter>
    </ClInclude>
    <ClInclude Include="shop_bg.h">
      <Filter>ヘッダー ファイル\map\shop</Filter>
    </ClInclude>
    <ClInclude Include="shop_card.h">
      <Filter>ヘッダー ファイル\map\shop</Filter>
    </ClInclude>
    <ClInclude Include="shop_gold.h">
      <Filter>ヘッダー ファイル\map\shop</Filter>
    </ClInclude>
    <ClInclude Include="shop_reload.h">
      <Filter>ヘッダー ファイル\map\shop</Filter>
    </ClInclude>
    <ClInclude Include="shop_exit.h">
      <Filter>ヘッダー ファイル\map\shop</Filter>
    </ClInclude>
    <ClInclude Include="shop_select.h">
      <Filter>ヘッダー ファイル\map\shop</Filter>
    </ClInclude>
    <ClInclude Include="skill.h">
      <Filter>ヘッダー ファイル\skill\system</Filter>
    </ClInclude>
    <ClInclude Include="skillrandom.h">
      <Filter>ヘッダー ファイル\skill\system</Filter>
    </ClInclude>
    <ClInclude Include="banner.h">
      <Filter>ヘッダー ファイル\map\banner</Filter>
    </ClInclude>
    <ClInclude Include="banner_hp.h">
      <Filter>ヘッダー ファイル\map\banner</Filter>
    </ClInclude>
    <ClInclude Include="banner_bg.h">
      <Filter>ヘッダー ファイル\map\banner</Filter>
    </ClInclude>
    <ClInclude Include="banner_name.h">
      <Filter>ヘッダー ファイル\map\banner</Filter>
    </ClInclude>
    <ClInclude Include="banner_gold.h">
      <Filter>ヘッダー ファイル\map\banner</Filter>
    </ClInclude>
    <ClInclude Include="banner_bug.h">
      <Filter>ヘッダー ファイル\map\banner</Filter>
    </ClInclude>
    <ClInclude Include="rest_bg.h">
      <Filter>ヘッダー ファイル\map\rest</Filter>
    </ClInclude>
    <ClInclude Include="rest_command.h">
      <Filter>ヘッダー ファイル\map\rest</Filter>
    </ClInclude>
    <ClInclude Include="rest_exit.h">
      <Filter>ヘッダー ファイル\map\rest</Filter>
    </ClInclude>
    <ClInclude Include="rest_select.h">
      <Filter>ヘッダー ファイル\map\rest</Filter>
    </ClInclude>
    <ClInclude Include="autocatch.h">
      <Filter>ヘッダー ファイル\skill</Filter>
    </ClInclude>
    <ClInclude Include="doubleattack.h">
      <Filter>ヘッダー ファイル\skill</Filter>
    </ClInclude>
    <ClInclude Include="warp.h">
      <Filter>ヘッダー ファイル\skill</Filter>
    </ClInclude>
    <ClInclude Include="disappear.h">
      <Filter>ヘッダー ファイル\skill</Filter>
    </ClInclude>
    <ClInclude Include="otoshiana.h">
      <Filter>ヘッダー ファイル\skill</Filter>
    </ClInclude>
    <ClInclude Include="landmines.h">
      <Filter>ヘッダー ファイル\skill</Filter>
    </ClInclude>
    <ClInclude Include="title.h">
      <Filter>ヘッダー ファイル\title</Filter>
    </ClInclude>
    <ClInclude Include="title_teamname.h">
      <Filter>ヘッダー ファイル\title</Filter>
    </ClInclude>
    <ClInclude Include="title_bg.h">
      <Filter>ヘッダー ファイル\title</Filter>
    </ClInclude>
    <ClInclude Include="title_gamestart.h">
      <Filter>ヘッダー ファイル\title</Filter>
    </ClInclude>
    <ClInclude Include="title_exit.h">
      <Filter>ヘッダー ファイル\title</Filter>
    </ClInclude>
    <ClInclude Include="title_select.h">
      <Filter>ヘッダー ファイル\title</Filter>
    </ClInclude>
    <ClInclude Include="map_bg.h">
      <Filter>ヘッダー ファイル\map</Filter>
    </ClInclude>
    <ClInclude Include="notCatch.h">
      <Filter>ヘッダー ファイル\bug</Filter>
    </ClInclude>
    <ClInclude Include="create.h">
      <Filter>ヘッダー ファイル\bug</Filter>
    </ClInclude>
    <ClInclude Include="areaChange.h">
      <Filter>ヘッダー ファイル\bug</Filter>
    </ClInclude>
    <ClInclude Include="name.h">
      <Filter>ヘッダー ファイル\name</Filter>
    </ClInclude>
    <ClInclude Include="title_option.h">
      <Filter>ヘッダー ファイル\title</Filter>
    </ClInclude>
    <ClInclude Include="title_continue.h">
      <Filter>ヘッダー ファイル\title</Filter>
    </ClInclude>
    <ClInclude Include="name_keyboard.h">
      <Filter>ヘッダー ファイル\name</Filter>
    </ClInclude>
    <ClInclude Include="name_bg.h">
      <Filter>ヘッダー ファイル\name</Filter>
    </ClInclude>
    <ClInclude Include="name_select.h">
      <Filter>ヘッダー ファイル\name</Filter>
    </ClInclude>
    <ClInclude Include="name_input.h">
      <Filter>ヘッダー ファイル\name</Filter>
    </ClInclude>
    <ClInclude Include="option.h">
      <Filter>ヘッダー ファイル\option</Filter>
    </ClInclude>
    <ClInclude Include="option_bg.h">
      <Filter>ヘッダー ファイル\option</Filter>
    </ClInclude>
    <ClInclude Include="option_select.h">
      <Filter>ヘッダー ファイル\option</Filter>
    </ClInclude>
    <ClInclude Include="map_line.h">
      <Filter>ヘッダー ファイル\map</Filter>
    </ClInclude>
    <ClInclude Include="map_player.h">
      <Filter>ヘッダー ファイル\map</Filter>
    </ClInclude>
    <ClInclude Include="event.h">
      <Filter>ヘッダー ファイル\map\event\system</Filter>
    </ClInclude>
    <ClInclude Include="kasoukenkyuukuukan.h">
      <Filter>ヘッダー ファイル\map\event</Filter>
    </ClInclude>
    <ClInclude Include="deleter.h">
      <Filter>ヘッダー ファイル\enemy\deleter</Filter>
    </ClInclude>
    <ClInclude Include="deleter_animation.h">
      <Filter>ヘッダー ファイル\enemy\deleter</Filter>
    </ClInclude>
    <ClInclude Include="deleter_hp.h">
      <Filter>ヘッダー ファイル\enemy\deleter</Filter>
    </ClInclude>
    <ClInclude Include="deleterAI.h">
      <Filter>ヘッダー ファイル\enemy\deleter</Filter>
    </ClInclude>
    <ClInclude Include="windowsize_select.h">
      <Filter>ヘッダー ファイル\option\windowsize</Filter>
    </ClInclude>
    <ClInclude Include="windowsize.h">
      <Filter>ヘッダー ファイル\option\windowsize</Filter>
    </ClInclude>
    <ClInclude Include="windowsize_bg.h">
      <Filter>ヘッダー ファイル\option\windowsize</Filter>
    </ClInclude>
    <ClInclude Include="server_recovery.h">
      <Filter>ヘッダー ファイル\map\event</Filter>
    </ClInclude>
    <ClInclude Include="avatar.h">
      <Filter>ヘッダー ファイル\map\event</Filter>
    </ClInclude>
    <ClInclude Include="dougyousya.h">
      <Filter>ヘッダー ファイル\map\event</Filter>
    </ClInclude>
    <ClInclude Include="hujyou.h">
      <Filter>ヘッダー ファイル\map\event</Filter>
    </ClInclude>
    <ClInclude Include="mined.h">
      <Filter>ヘッダー ファイル\map\event</Filter>
    </ClInclude>
    <ClInclude Include="tosyokann.h">
      <Filter>ヘッダー ファイル\map\event</Filter>
    </ClInclude>
    <ClInclude Include="yomigaeru.h">
      <Filter>ヘッダー ファイル\map\event</Filter>
    </ClInclude>
    <ClInclude Include="enemybreak.h">
      <Filter>ヘッダー ファイル\enemy</Filter>
    </ClInclude>
    <ClInclude Include="floatingfeeling.h">
      <Filter>ヘッダー ファイル\map\event</Filter>
    </ClInclude>
    <ClInclude Include="hackeffect.h">
      <Filter>ヘッダー ファイル\map</Filter>
    </ClInclude>
    <ClInclude Include="soundvolume_bg.h">
      <Filter>ヘッダー ファイル\option\sound</Filter>
    </ClInclude>
    <ClInclude Include="soundvolume_select.h">
      <Filter>ヘッダー ファイル\option\sound</Filter>
    </ClInclude>
    <ClInclude Include="soundvolume.h">
      <Filter>ヘッダー ファイル\option\sound</Filter>
    </ClInclude>
    <ClInclude Include="deckmenu.h">
      <Filter>ヘッダー ファイル\deckmenu</Filter>
    </ClInclude>
    <ClInclude Include="map_floor.h">
      <Filter>ヘッダー ファイル\map</Filter>
    </ClInclude>
    <ClInclude Include="map_save.h">
      <Filter>ヘッダー ファイル\map\map_save</Filter>
    </ClInclude>
    <ClInclude Include="map_save_bg.h">
      <Filter>ヘッダー ファイル\map\map_save</Filter>
    </ClInclude>
    <ClInclude Include="map_save_select.h">
      <Filter>ヘッダー ファイル\map\map_save</Filter>
    </ClInclude>
    <ClInclude Include="enemy_aura.h">
      <Filter>ヘッダー ファイル\enemy</Filter>
    </ClInclude>
    <ClInclude Include="gameover.h">
      <Filter>ヘッダー ファイル\gameover</Filter>
    </ClInclude>
    <ClInclude Include="gameover_F.h">
      <Filter>ヘッダー ファイル\gameover</Filter>
    </ClInclude>
    <ClInclude Include="tutorial.h">
      <Filter>ヘッダー ファイル\tutorial</Filter>
    </ClInclude>
    <ClInclude Include="tutorial_map.h">
      <Filter>ヘッダー ファイル\tutorial</Filter>
    </ClInclude>
    <ClInclude Include="screencrack.h">
      <Filter>ヘッダー ファイル\bug\system</Filter>
    </ClInclude>
  </ItemGroup>
</Project>