<?xml version="1.0" encoding="utf-8"?>
<Project ToolsVersion="4.0" xmlns="http://schemas.microsoft.com/developer/msbuild/2003">
  <ItemGroup>
    <Filter Include="ソース ファイル">
      <UniqueIdentifier>{4FC737F1-C7A5-4376-A066-2A32D752A2FF}</UniqueIdentifier>
      <Extensions>cpp;c;cc;cxx;def;odl;idl;hpj;bat;asm;asmx</Extensions>
    </Filter>
    <Filter Include="ヘッダー ファイル">
      <UniqueIdentifier>{93995380-89BD-4b04-88EB-625FBE52EBFB}</UniqueIdentifier>
      <Extensions>h;hh;hpp;hxx;hm;inl;inc;ipp;xsd</Extensions>
    </Filter>
    <Filter Include="リソース ファイル">
      <UniqueIdentifier>{67DA6AB6-F800-4c08-8B7A-83BB121AAD01}</UniqueIdentifier>
      <Extensions>rc;ico;cur;bmp;dlg;rc2;rct;bin;rgs;gif;jpg;jpeg;jpe;resx;tiff;tif;png;wav;mfcribbon-ms</Extensions>
    </Filter>
    <Filter Include="ソース ファイル\skill">
      <UniqueIdentifier>{2937577e-ce43-4e28-9fd8-3566632ed8b2}</UniqueIdentifier>
    </Filter>
    <Filter Include="ヘッダー ファイル\skill">
      <UniqueIdentifier>{9e51cbee-bfce-4ae0-88ea-7bd9956883e5}</UniqueIdentifier>
    </Filter>
    <Filter Include="ソース ファイル\System">
      <UniqueIdentifier>{2d83a41e-f535-4e5d-a52a-b2dbe25dfc5c}</UniqueIdentifier>
    </Filter>
    <Filter Include="ヘッダー ファイル\System">
      <UniqueIdentifier>{ac9295b4-f777-4f7c-8d4c-c521b759e645}</UniqueIdentifier>
    </Filter>
    <Filter Include="ソース ファイル\map">
      <UniqueIdentifier>{27ade5c5-c59a-48aa-a4b1-bf92a5ef3418}</UniqueIdentifier>
    </Filter>
    <Filter Include="ヘッダー ファイル\map">
      <UniqueIdentifier>{c36e0200-d8fe-4c20-bebe-206cb2d1f917}</UniqueIdentifier>
    </Filter>
    <Filter Include="ヘッダー ファイル\bug">
      <UniqueIdentifier>{6bcfc3f8-8c08-453e-8644-28454707e04c}</UniqueIdentifier>
    </Filter>
    <Filter Include="ソース ファイル\bug">
      <UniqueIdentifier>{9595e978-01ca-492d-9c87-f4c57d8b0990}</UniqueIdentifier>
    </Filter>
    <Filter Include="ソース ファイル\map\rest">
      <UniqueIdentifier>{0a0c6e4e-d1b5-4a65-be2a-10e349d3b471}</UniqueIdentifier>
    </Filter>
    <Filter Include="ヘッダー ファイル\map\rest">
      <UniqueIdentifier>{1bed6fc3-6a7b-4855-8059-b7c1b3570c54}</UniqueIdentifier>
    </Filter>
  </ItemGroup>
  <ItemGroup>
    <ClCompile Include="title.cpp">
      <Filter>ソース ファイル</Filter>
    </ClCompile>
    <ClCompile Include="scene.cpp">
      <Filter>ソース ファイル</Filter>
    </ClCompile>
    <ClCompile Include="game.cpp">
      <Filter>ソース ファイル</Filter>
    </ClCompile>
    <ClCompile Include="fade.cpp">
      <Filter>ソース ファイル\System</Filter>
    </ClCompile>
    <ClCompile Include="input.cpp">
      <Filter>ソース ファイル\System</Filter>
    </ClCompile>
    <ClCompile Include="main.cpp">
      <Filter>ソース ファイル\System</Filter>
    </ClCompile>
    <ClCompile Include="renderer.cpp">
      <Filter>ソース ファイル\System</Filter>
    </ClCompile>
    <ClCompile Include="sound.cpp">
      <Filter>ソース ファイル\System</Filter>
    </ClCompile>
    <ClCompile Include="sprite.cpp">
      <Filter>ソース ファイル\System</Filter>
    </ClCompile>
    <ClCompile Include="Texture.cpp">
      <Filter>ソース ファイル\System</Filter>
    </ClCompile>
    <ClCompile Include="bg.cpp">
      <Filter>ソース ファイル</Filter>
    </ClCompile>
    <ClCompile Include="player.cpp">
      <Filter>ソース ファイル</Filter>
    </ClCompile>
    <ClCompile Include="ball.cpp">
      <Filter>ソース ファイル</Filter>
    </ClCompile>
    <ClCompile Include="catch.cpp">
      <Filter>ソース ファイル</Filter>
    </ClCompile>
    <ClCompile Include="escape.cpp">
      <Filter>ソース ファイル</Filter>
    </ClCompile>
    <ClCompile Include="buildup.cpp">
      <Filter>ソース ファイル\skill</Filter>
    </ClCompile>
    <ClCompile Include="skill.cpp">
      <Filter>ソース ファイル</Filter>
    </ClCompile>
    <ClCompile Include="map_point.cpp">
      <Filter>ソース ファイル\map</Filter>
    </ClCompile>
    <ClCompile Include="enemy.cpp">
      <Filter>ソース ファイル</Filter>
    </ClCompile>
    <ClCompile Include="bug.cpp">
      <Filter>ソース ファイル</Filter>
    </ClCompile>
    <ClCompile Include="ballspeedup.cpp">
      <Filter>ソース ファイル\skill</Filter>
    </ClCompile>
    <ClCompile Include="barrier.cpp">
      <Filter>ソース ファイル\skill</Filter>
    </ClCompile>
    <ClCompile Include="smallplayer.cpp">
      <Filter>ソース ファイル\skill</Filter>
    </ClCompile>
    <ClCompile Include="bigball.cpp">
      <Filter>ソース ファイル\skill</Filter>
    </ClCompile>
    <ClCompile Include="slowarea.cpp">
      <Filter>ソース ファイル\skill</Filter>
    </ClCompile>
    <ClCompile Include="invade.cpp">
      <Filter>ソース ファイル\skill</Filter>
    </ClCompile>
    <ClCompile Include="billiards.cpp">
      <Filter>ソース ファイル\skill</Filter>
    </ClCompile>
    <ClCompile Include="baseball.cpp">
      <Filter>ソース ファイル\skill</Filter>
    </ClCompile>
    <ClCompile Include="enemyAI.cpp">
      <Filter>ソース ファイル</Filter>
    </ClCompile>
    <ClCompile Include="invincible.cpp">
      <Filter>ソース ファイル\skill</Filter>
    </ClCompile>
    <ClCompile Include="ballturnaround.cpp">
      <Filter>ソース ファイル\skill</Filter>
    </ClCompile>
    <ClCompile Include="player_hp.cpp">
      <Filter>ソース ファイル</Filter>
    </ClCompile>
    <ClCompile Include="bunshin.cpp">
      <Filter>ソース ファイル\bug</Filter>
    </ClCompile>
    <ClCompile Include="reverse.cpp">
      <Filter>ソース ファイル\bug</Filter>
    </ClCompile>
    <ClCompile Include="skillrandom.cpp">
      <Filter>ソース ファイル\skill</Filter>
    </ClCompile>
    <ClCompile Include="anten.cpp">
      <Filter>ソース ファイル\bug</Filter>
    </ClCompile>
    <ClCompile Include="enemy_hp.cpp">
      <Filter>ソース ファイル</Filter>
    </ClCompile>
    <ClCompile Include="clear.cpp">
      <Filter>ソース ファイル</Filter>
    </ClCompile>
    <ClCompile Include="gameover.cpp">
      <Filter>ソース ファイル</Filter>
    </ClCompile>
    <ClCompile Include="map_line.cpp">
      <Filter>ソース ファイル\map</Filter>
    </ClCompile>
    <ClCompile Include="map_hack.cpp">
      <Filter>ソース ファイル\map</Filter>
    </ClCompile>
    <ClCompile Include="map.cpp">
      <Filter>ソース ファイル\map</Filter>
    </ClCompile>
    <ClCompile Include="catchjamming.cpp">
      <Filter>ソース ファイル\skill</Filter>
    </ClCompile>
    <ClCompile Include="rest.cpp">
      <Filter>ソース ファイル\map\rest</Filter>
    </ClCompile>
    <ClCompile Include="banner .cpp">
      <Filter>ソース ファイル\map</Filter>
    </ClCompile>
    <ClCompile Include="save.cpp">
      <Filter>ソース ファイル</Filter>
    </ClCompile>
    <ClCompile Include="rockcreate.cpp">
      <Filter>ソース ファイル\skill</Filter>
    </ClCompile>
    <ClCompile Include="penetration.cpp">
      <Filter>ソース ファイル\skill</Filter>
    </ClCompile>
  </ItemGroup>
  <ItemGroup>
    <ClInclude Include="title.h">
      <Filter>ヘッダー ファイル</Filter>
    </ClInclude>
    <ClInclude Include="scene.h">
      <Filter>ヘッダー ファイル</Filter>
    </ClInclude>
    <ClInclude Include="game.h">
      <Filter>ヘッダー ファイル</Filter>
    </ClInclude>
    <ClInclude Include="fade.h">
      <Filter>ヘッダー ファイル\System</Filter>
    </ClInclude>
    <ClInclude Include="input.h">
      <Filter>ヘッダー ファイル\System</Filter>
    </ClInclude>
    <ClInclude Include="main.h">
      <Filter>ヘッダー ファイル\System</Filter>
    </ClInclude>
    <ClInclude Include="renderer.h">
      <Filter>ヘッダー ファイル\System</Filter>
    </ClInclude>
    <ClInclude Include="sound.h">
      <Filter>ヘッダー ファイル\System</Filter>
    </ClInclude>
    <ClInclude Include="Texture.h">
      <Filter>ヘッダー ファイル\System</Filter>
    </ClInclude>
    <ClInclude Include="sprite.h">
      <Filter>ヘッダー ファイル\System</Filter>
    </ClInclude>
    <ClInclude Include="bg.h">
      <Filter>ヘッダー ファイル</Filter>
    </ClInclude>
    <ClInclude Include="player.h">
      <Filter>ヘッダー ファイル</Filter>
    </ClInclude>
    <ClInclude Include="ball.h">
      <Filter>ヘッダー ファイル</Filter>
    </ClInclude>
    <ClInclude Include="catch.h">
      <Filter>ヘッダー ファイル</Filter>
    </ClInclude>
    <ClInclude Include="escape.h">
      <Filter>ヘッダー ファイル</Filter>
    </ClInclude>
    <ClInclude Include="buildup.h">
      <Filter>ヘッダー ファイル\skill</Filter>
    </ClInclude>
    <ClInclude Include="skill.h">
      <Filter>ヘッダー ファイル</Filter>
    </ClInclude>
    <ClInclude Include="map_point.h">
      <Filter>ヘッダー ファイル\map</Filter>
    </ClInclude>
    <ClInclude Include="enemy.h">
      <Filter>ヘッダー ファイル</Filter>
    </ClInclude>
    <ClInclude Include="ballspeedup.h">
      <Filter>ヘッダー ファイル\skill</Filter>
    </ClInclude>
    <ClInclude Include="barrier.h">
      <Filter>ヘッダー ファイル\skill</Filter>
    </ClInclude>
    <ClInclude Include="smallplayer.h">
      <Filter>ヘッダー ファイル\skill</Filter>
    </ClInclude>
    <ClInclude Include="bigball.h">
      <Filter>ヘッダー ファイル\skill</Filter>
    </ClInclude>
    <ClInclude Include="slowarea.h">
      <Filter>ヘッダー ファイル\skill</Filter>
    </ClInclude>
    <ClInclude Include="invade.h">
      <Filter>ヘッダー ファイル\skill</Filter>
    </ClInclude>
    <ClInclude Include="Billiards.h">
      <Filter>ヘッダー ファイル\skill</Filter>
    </ClInclude>
    <ClInclude Include="baseball.h">
      <Filter>ヘッダー ファイル\skill</Filter>
    </ClInclude>
    <ClInclude Include="enemyAI.h">
      <Filter>ヘッダー ファイル</Filter>
    </ClInclude>
    <ClInclude Include="invincible.h">
      <Filter>ヘッダー ファイル\skill</Filter>
    </ClInclude>
    <ClInclude Include="ballturnaround.h">
      <Filter>ヘッダー ファイル\skill</Filter>
    </ClInclude>
    <ClInclude Include="player_hp.h">
      <Filter>ヘッダー ファイル</Filter>
    </ClInclude>
    <ClInclude Include="bunshin.h">
      <Filter>ヘッダー ファイル\bug</Filter>
    </ClInclude>
    <ClInclude Include="reverse.h">
      <Filter>ヘッダー ファイル\bug</Filter>
    </ClInclude>
    <ClInclude Include="bug.h">
      <Filter>ヘッダー ファイル</Filter>
    </ClInclude>
    <ClInclude Include="skillrandom.h">
      <Filter>ヘッダー ファイル\skill</Filter>
    </ClInclude>
    <ClInclude Include="anten.h">
      <Filter>ヘッダー ファイル\bug</Filter>
    </ClInclude>
    <ClInclude Include="enemy_hp.h">
      <Filter>ヘッダー ファイル</Filter>
    </ClInclude>
    <ClInclude Include="clear.h">
      <Filter>ヘッダー ファイル</Filter>
    </ClInclude>
    <ClInclude Include="gameover.h">
      <Filter>ヘッダー ファイル</Filter>
    </ClInclude>
    <ClInclude Include="map_line.h">
      <Filter>ヘッダー ファイル\map</Filter>
    </ClInclude>
    <ClInclude Include="map_hack.h">
      <Filter>ヘッダー ファイル\map</Filter>
    </ClInclude>
    <ClInclude Include="map.h">
      <Filter>ヘッダー ファイル\map</Filter>
    </ClInclude>
    <ClInclude Include="catchjamming.h">
      <Filter>ヘッダー ファイル\skill</Filter>
    </ClInclude>
    <ClInclude Include="rest.h">
      <Filter>ヘッダー ファイル\map\rest</Filter>
    </ClInclude>
    <ClInclude Include="banner.h">
      <Filter>ヘッダー ファイル\map</Filter>
    </ClInclude>
    <ClInclude Include="save.h">
      <Filter>ヘッダー ファイル</Filter>
    </ClInclude>
    <ClInclude Include="rockcreate.h">
      <Filter>ヘッダー ファイル\skill</Filter>
    </ClInclude>
    <ClInclude Include="penetration.h">
      <Filter>ヘッダー ファイル\skill</Filter>
    </ClInclude>
  </ItemGroup>
</Project>